// !$*UTF8*$!
{
	archiveVersion = 1;
	classes = {
	};
	objectVersion = 56;
	objects = {

/* Begin PBXBuildFile section */
		8C7EDF6CED5DFEE7ABC4F3B5 /* Pods_OptimalRoute.framework in Frameworks */ = {isa = PBXBuildFile; fileRef = 2779547846A03267817A7AE7 /* Pods_OptimalRoute.framework */; };
		D6527B0D2C3EF9AB005F4729 /* WayPointsListView.swift in Sources */ = {isa = PBXBuildFile; fileRef = D6527B0C2C3EF9AB005F4729 /* WayPointsListView.swift */; };
		D6527B142C41662C005F4729 /* LaunchScreen.storyboard in Resources */ = {isa = PBXBuildFile; fileRef = D6527B132C41662C005F4729 /* LaunchScreen.storyboard */; };
		D6A3D6232C3D520D00371A80 /* GoogleMapsManager.swift in Sources */ = {isa = PBXBuildFile; fileRef = D6A3D6222C3D520D00371A80 /* GoogleMapsManager.swift */; };
		D6A3D6252C3E6EA900371A80 /* RouteMainView.swift in Sources */ = {isa = PBXBuildFile; fileRef = D6A3D6242C3E6EA900371A80 /* RouteMainView.swift */; };
		D6A3D6272C3E6EED00371A80 /* MapView.swift in Sources */ = {isa = PBXBuildFile; fileRef = D6A3D6262C3E6EED00371A80 /* MapView.swift */; };
		D6A3D62A2C3E7B5C00371A80 /* PlacesAutocompleteView.swift in Sources */ = {isa = PBXBuildFile; fileRef = D6A3D6292C3E7B5C00371A80 /* PlacesAutocompleteView.swift */; };
		D6F457D12C39302C00CD943F /* OptimalRouteApp.swift in Sources */ = {isa = PBXBuildFile; fileRef = D6F457D02C39302C00CD943F /* OptimalRouteApp.swift */; };
		D6F457D52C39302D00CD943F /* Assets.xcassets in Resources */ = {isa = PBXBuildFile; fileRef = D6F457D42C39302D00CD943F /* Assets.xcassets */; };
		D6F457D82C39302D00CD943F /* Preview Assets.xcassets in Resources */ = {isa = PBXBuildFile; fileRef = D6F457D72C39302D00CD943F /* Preview Assets.xcassets */; };
		D6F457F72C3933D700CD943F /* RouteViewModel.swift in Sources */ = {isa = PBXBuildFile; fileRef = D6F457F62C3933D700CD943F /* RouteViewModel.swift */; };
		D6F458002C3961CE00CD943F /* MapKit.framework in Frameworks */ = {isa = PBXBuildFile; fileRef = D6F457FF2C3961CE00CD943F /* MapKit.framework */; };
/* End PBXBuildFile section */

/* Begin PBXFileReference section */
		2779547846A03267817A7AE7 /* Pods_OptimalRoute.framework */ = {isa = PBXFileReference; explicitFileType = wrapper.framework; includeInIndex = 0; path = Pods_OptimalRoute.framework; sourceTree = BUILT_PRODUCTS_DIR; };
		4221BAC525F0358280080771 /* Pods-OptimalRoute.debug.xcconfig */ = {isa = PBXFileReference; includeInIndex = 1; lastKnownFileType = text.xcconfig; name = "Pods-OptimalRoute.debug.xcconfig"; path = "Target Support Files/Pods-OptimalRoute/Pods-OptimalRoute.debug.xcconfig"; sourceTree = "<group>"; };
		70064C90848D3B8F9E0BCC0C /* Pods-OptimalRoute.release.xcconfig */ = {isa = PBXFileReference; includeInIndex = 1; lastKnownFileType = text.xcconfig; name = "Pods-OptimalRoute.release.xcconfig"; path = "Target Support Files/Pods-OptimalRoute/Pods-OptimalRoute.release.xcconfig"; sourceTree = "<group>"; };
		D6527B0C2C3EF9AB005F4729 /* WayPointsListView.swift */ = {isa = PBXFileReference; lastKnownFileType = sourcecode.swift; path = WayPointsListView.swift; sourceTree = "<group>"; };
		D6527B132C41662C005F4729 /* LaunchScreen.storyboard */ = {isa = PBXFileReference; lastKnownFileType = file.storyboard; path = LaunchScreen.storyboard; sourceTree = "<group>"; };
		D6A3D6222C3D520D00371A80 /* GoogleMapsManager.swift */ = {isa = PBXFileReference; lastKnownFileType = sourcecode.swift; path = GoogleMapsManager.swift; sourceTree = "<group>"; };
		D6A3D6242C3E6EA900371A80 /* RouteMainView.swift */ = {isa = PBXFileReference; lastKnownFileType = sourcecode.swift; path = RouteMainView.swift; sourceTree = "<group>"; };
		D6A3D6262C3E6EED00371A80 /* MapView.swift */ = {isa = PBXFileReference; lastKnownFileType = sourcecode.swift; path = MapView.swift; sourceTree = "<group>"; };
		D6A3D6282C3E71DC00371A80 /* Info.plist */ = {isa = PBXFileReference; lastKnownFileType = text.plist; path = Info.plist; sourceTree = "<group>"; };
		D6A3D6292C3E7B5C00371A80 /* PlacesAutocompleteView.swift */ = {isa = PBXFileReference; lastKnownFileType = sourcecode.swift; path = PlacesAutocompleteView.swift; sourceTree = "<group>"; };
		D6F457CD2C39302C00CD943F /* OptimalRoute.app */ = {isa = PBXFileReference; explicitFileType = wrapper.application; includeInIndex = 0; path = OptimalRoute.app; sourceTree = BUILT_PRODUCTS_DIR; };
		D6F457D02C39302C00CD943F /* OptimalRouteApp.swift */ = {isa = PBXFileReference; lastKnownFileType = sourcecode.swift; path = OptimalRouteApp.swift; sourceTree = "<group>"; };
		D6F457D42C39302D00CD943F /* Assets.xcassets */ = {isa = PBXFileReference; lastKnownFileType = folder.assetcatalog; path = Assets.xcassets; sourceTree = "<group>"; };
		D6F457D72C39302D00CD943F /* Preview Assets.xcassets */ = {isa = PBXFileReference; lastKnownFileType = folder.assetcatalog; path = "Preview Assets.xcassets"; sourceTree = "<group>"; };
		D6F457F62C3933D700CD943F /* RouteViewModel.swift */ = {isa = PBXFileReference; lastKnownFileType = sourcecode.swift; path = RouteViewModel.swift; sourceTree = "<group>"; };
		D6F457FF2C3961CE00CD943F /* MapKit.framework */ = {isa = PBXFileReference; lastKnownFileType = wrapper.framework; name = MapKit.framework; path = System/Library/Frameworks/MapKit.framework; sourceTree = SDKROOT; };
/* End PBXFileReference section */

/* Begin PBXFrameworksBuildPhase section */
		D6F457CA2C39302C00CD943F /* Frameworks */ = {
			isa = PBXFrameworksBuildPhase;
			buildActionMask = 2147483647;
			files = (
				D6F458002C3961CE00CD943F /* MapKit.framework in Frameworks */,
				8C7EDF6CED5DFEE7ABC4F3B5 /* Pods_OptimalRoute.framework in Frameworks */,
			);
			runOnlyForDeploymentPostprocessing = 0;
		};
/* End PBXFrameworksBuildPhase section */

/* Begin PBXGroup section */
		247378FC26D0CA21F5393C3D /* Pods */ = {
			isa = PBXGroup;
			children = (
				4221BAC525F0358280080771 /* Pods-OptimalRoute.debug.xcconfig */,
				70064C90848D3B8F9E0BCC0C /* Pods-OptimalRoute.release.xcconfig */,
			);
			path = Pods;
			sourceTree = "<group>";
		};
		D6F457C42C39302C00CD943F = {
			isa = PBXGroup;
			children = (
				D6F457CF2C39302C00CD943F /* OptimalRoute */,
				D6F457CE2C39302C00CD943F /* Products */,
				D6F457FE2C3961CE00CD943F /* Frameworks */,
				247378FC26D0CA21F5393C3D /* Pods */,
			);
			sourceTree = "<group>";
		};
		D6F457CE2C39302C00CD943F /* Products */ = {
			isa = PBXGroup;
			children = (
				D6F457CD2C39302C00CD943F /* OptimalRoute.app */,
			);
			name = Products;
			sourceTree = "<group>";
		};
		D6F457CF2C39302C00CD943F /* OptimalRoute */ = {
			isa = PBXGroup;
			children = (
				D6A3D6282C3E71DC00371A80 /* Info.plist */,
				D6F457E02C39309E00CD943F /* Presentation Layer */,
				D6F457D02C39302C00CD943F /* OptimalRouteApp.swift */,
				D6F457D42C39302D00CD943F /* Assets.xcassets */,
				D6F457D62C39302D00CD943F /* Preview Content */,
				D6A3D6222C3D520D00371A80 /* GoogleMapsManager.swift */,
				D6527B132C41662C005F4729 /* LaunchScreen.storyboard */,
			);
			path = OptimalRoute;
			sourceTree = "<group>";
		};
		D6F457D62C39302D00CD943F /* Preview Content */ = {
			isa = PBXGroup;
			children = (
				D6F457D72C39302D00CD943F /* Preview Assets.xcassets */,
			);
			path = "Preview Content";
			sourceTree = "<group>";
		};
		D6F457E02C39309E00CD943F /* Presentation Layer */ = {
			isa = PBXGroup;
			children = (
				D6F457E72C39314F00CD943F /* Views */,
				D6F457E62C39314100CD943F /* View Models */,
			);
			path = "Presentation Layer";
			sourceTree = "<group>";
		};
		D6F457E62C39314100CD943F /* View Models */ = {
			isa = PBXGroup;
			children = (
				D6F457F62C3933D700CD943F /* RouteViewModel.swift */,
			);
			path = "View Models";
			sourceTree = "<group>";
		};
		D6F457E72C39314F00CD943F /* Views */ = {
			isa = PBXGroup;
			children = (
				D6A3D6242C3E6EA900371A80 /* RouteMainView.swift */,
				D6A3D6262C3E6EED00371A80 /* MapView.swift */,
				D6A3D6292C3E7B5C00371A80 /* PlacesAutocompleteView.swift */,
				D6527B0C2C3EF9AB005F4729 /* WayPointsListView.swift */,
			);
			path = Views;
			sourceTree = "<group>";
		};
		D6F457FE2C3961CE00CD943F /* Frameworks */ = {
			isa = PBXGroup;
			children = (
				D6F457FF2C3961CE00CD943F /* MapKit.framework */,
				2779547846A03267817A7AE7 /* Pods_OptimalRoute.framework */,
			);
			name = Frameworks;
			sourceTree = "<group>";
		};
/* End PBXGroup section */

/* Begin PBXNativeTarget section */
		D6F457CC2C39302C00CD943F /* OptimalRoute */ = {
			isa = PBXNativeTarget;
			buildConfigurationList = D6F457DB2C39302D00CD943F /* Build configuration list for PBXNativeTarget "OptimalRoute" */;
			buildPhases = (
				FB2C9B9F236C3FEDEAD87F69 /* [CP] Check Pods Manifest.lock */,
				D6F457C92C39302C00CD943F /* Sources */,
				D6F457CA2C39302C00CD943F /* Frameworks */,
				D6F457CB2C39302C00CD943F /* Resources */,
				D29583664C1E1AB695983E28 /* [CP] Copy Pods Resources */,
			);
			buildRules = (
			);
			dependencies = (
			);
			name = OptimalRoute;
			productName = OptimalRoute;
			productReference = D6F457CD2C39302C00CD943F /* OptimalRoute.app */;
			productType = "com.apple.product-type.application";
		};
/* End PBXNativeTarget section */

/* Begin PBXProject section */
		D6F457C52C39302C00CD943F /* Project object */ = {
			isa = PBXProject;
			attributes = {
				BuildIndependentTargetsInParallel = 1;
				LastSwiftUpdateCheck = 1530;
				LastUpgradeCheck = 1530;
				TargetAttributes = {
					D6F457CC2C39302C00CD943F = {
						CreatedOnToolsVersion = 15.3;
					};
				};
			};
			buildConfigurationList = D6F457C82C39302C00CD943F /* Build configuration list for PBXProject "OptimalRoute" */;
			compatibilityVersion = "Xcode 14.0";
			developmentRegion = en;
			hasScannedForEncodings = 0;
			knownRegions = (
				en,
				Base,
			);
			mainGroup = D6F457C42C39302C00CD943F;
			productRefGroup = D6F457CE2C39302C00CD943F /* Products */;
			projectDirPath = "";
			projectRoot = "";
			targets = (
				D6F457CC2C39302C00CD943F /* OptimalRoute */,
			);
		};
/* End PBXProject section */

/* Begin PBXResourcesBuildPhase section */
		D6F457CB2C39302C00CD943F /* Resources */ = {
			isa = PBXResourcesBuildPhase;
			buildActionMask = 2147483647;
			files = (
				D6527B142C41662C005F4729 /* LaunchScreen.storyboard in Resources */,
				D6F457D82C39302D00CD943F /* Preview Assets.xcassets in Resources */,
				D6F457D52C39302D00CD943F /* Assets.xcassets in Resources */,
			);
			runOnlyForDeploymentPostprocessing = 0;
		};
/* End PBXResourcesBuildPhase section */

/* Begin PBXShellScriptBuildPhase section */
		D29583664C1E1AB695983E28 /* [CP] Copy Pods Resources */ = {
			isa = PBXShellScriptBuildPhase;
			buildActionMask = 2147483647;
			files = (
			);
			inputFileListPaths = (
				"${PODS_ROOT}/Target Support Files/Pods-OptimalRoute/Pods-OptimalRoute-resources-${CONFIGURATION}-input-files.xcfilelist",
			);
			name = "[CP] Copy Pods Resources";
			outputFileListPaths = (
				"${PODS_ROOT}/Target Support Files/Pods-OptimalRoute/Pods-OptimalRoute-resources-${CONFIGURATION}-output-files.xcfilelist",
			);
			runOnlyForDeploymentPostprocessing = 0;
			shellPath = /bin/sh;
			shellScript = "\"${PODS_ROOT}/Target Support Files/Pods-OptimalRoute/Pods-OptimalRoute-resources.sh\"\n";
			showEnvVarsInLog = 0;
		};
		FB2C9B9F236C3FEDEAD87F69 /* [CP] Check Pods Manifest.lock */ = {
			isa = PBXShellScriptBuildPhase;
			buildActionMask = 2147483647;
			files = (
			);
			inputFileListPaths = (
			);
			inputPaths = (
				"${PODS_PODFILE_DIR_PATH}/Podfile.lock",
				"${PODS_ROOT}/Manifest.lock",
			);
			name = "[CP] Check Pods Manifest.lock";
			outputFileListPaths = (
			);
			outputPaths = (
				"$(DERIVED_FILE_DIR)/Pods-OptimalRoute-checkManifestLockResult.txt",
			);
			runOnlyForDeploymentPostprocessing = 0;
			shellPath = /bin/sh;
			shellScript = "diff \"${PODS_PODFILE_DIR_PATH}/Podfile.lock\" \"${PODS_ROOT}/Manifest.lock\" > /dev/null\nif [ $? != 0 ] ; then\n    # print error to STDERR\n    echo \"error: The sandbox is not in sync with the Podfile.lock. Run 'pod install' or update your CocoaPods installation.\" >&2\n    exit 1\nfi\n# This output is used by Xcode 'outputs' to avoid re-running this script phase.\necho \"SUCCESS\" > \"${SCRIPT_OUTPUT_FILE_0}\"\n";
			showEnvVarsInLog = 0;
		};
/* End PBXShellScriptBuildPhase section */

/* Begin PBXSourcesBuildPhase section */
		D6F457C92C39302C00CD943F /* Sources */ = {
			isa = PBXSourcesBuildPhase;
			buildActionMask = 2147483647;
			files = (
				D6A3D62A2C3E7B5C00371A80 /* PlacesAutocompleteView.swift in Sources */,
				D6F457F72C3933D700CD943F /* RouteViewModel.swift in Sources */,
				D6A3D6252C3E6EA900371A80 /* RouteMainView.swift in Sources */,
				D6A3D6272C3E6EED00371A80 /* MapView.swift in Sources */,
				D6F457D12C39302C00CD943F /* OptimalRouteApp.swift in Sources */,
				D6A3D6232C3D520D00371A80 /* GoogleMapsManager.swift in Sources */,
				D6527B0D2C3EF9AB005F4729 /* WayPointsListView.swift in Sources */,
			);
			runOnlyForDeploymentPostprocessing = 0;
		};
/* End PBXSourcesBuildPhase section */

/* Begin XCBuildConfiguration section */
		D6F457D92C39302D00CD943F /* Debug */ = {
			isa = XCBuildConfiguration;
			buildSettings = {
				ALWAYS_SEARCH_USER_PATHS = NO;
				ASSETCATALOG_COMPILER_GENERATE_SWIFT_ASSET_SYMBOL_EXTENSIONS = YES;
				CLANG_ANALYZER_NONNULL = YES;
				CLANG_ANALYZER_NUMBER_OBJECT_CONVERSION = YES_AGGRESSIVE;
				CLANG_CXX_LANGUAGE_STANDARD = "gnu++20";
				CLANG_ENABLE_MODULES = YES;
				CLANG_ENABLE_OBJC_ARC = YES;
				CLANG_ENABLE_OBJC_WEAK = YES;
				CLANG_WARN_BLOCK_CAPTURE_AUTORELEASING = YES;
				CLANG_WARN_BOOL_CONVERSION = YES;
				CLANG_WARN_COMMA = YES;
				CLANG_WARN_CONSTANT_CONVERSION = YES;
				CLANG_WARN_DEPRECATED_OBJC_IMPLEMENTATIONS = YES;
				CLANG_WARN_DIRECT_OBJC_ISA_USAGE = YES_ERROR;
				CLANG_WARN_DOCUMENTATION_COMMENTS = YES;
				CLANG_WARN_EMPTY_BODY = YES;
				CLANG_WARN_ENUM_CONVERSION = YES;
				CLANG_WARN_INFINITE_RECURSION = YES;
				CLANG_WARN_INT_CONVERSION = YES;
				CLANG_WARN_NON_LITERAL_NULL_CONVERSION = YES;
				CLANG_WARN_OBJC_IMPLICIT_RETAIN_SELF = YES;
				CLANG_WARN_OBJC_LITERAL_CONVERSION = YES;
				CLANG_WARN_OBJC_ROOT_CLASS = YES_ERROR;
				CLANG_WARN_QUOTED_INCLUDE_IN_FRAMEWORK_HEADER = YES;
				CLANG_WARN_RANGE_LOOP_ANALYSIS = YES;
				CLANG_WARN_STRICT_PROTOTYPES = YES;
				CLANG_WARN_SUSPICIOUS_MOVE = YES;
				CLANG_WARN_UNGUARDED_AVAILABILITY = YES_AGGRESSIVE;
				CLANG_WARN_UNREACHABLE_CODE = YES;
				CLANG_WARN__DUPLICATE_METHOD_MATCH = YES;
				COPY_PHASE_STRIP = NO;
				DEBUG_INFORMATION_FORMAT = dwarf;
				ENABLE_STRICT_OBJC_MSGSEND = YES;
				ENABLE_TESTABILITY = YES;
				ENABLE_USER_SCRIPT_SANDBOXING = YES;
				GCC_C_LANGUAGE_STANDARD = gnu17;
				GCC_DYNAMIC_NO_PIC = NO;
				GCC_NO_COMMON_BLOCKS = YES;
				GCC_OPTIMIZATION_LEVEL = 0;
				GCC_PREPROCESSOR_DEFINITIONS = (
					"DEBUG=1",
					"$(inherited)",
				);
				GCC_WARN_64_TO_32_BIT_CONVERSION = YES;
				GCC_WARN_ABOUT_RETURN_TYPE = YES_ERROR;
				GCC_WARN_UNDECLARED_SELECTOR = YES;
				GCC_WARN_UNINITIALIZED_AUTOS = YES_AGGRESSIVE;
				GCC_WARN_UNUSED_FUNCTION = YES;
				GCC_WARN_UNUSED_VARIABLE = YES;
				IPHONEOS_DEPLOYMENT_TARGET = 17.4;
				LOCALIZATION_PREFERS_STRING_CATALOGS = YES;
				MTL_ENABLE_DEBUG_INFO = INCLUDE_SOURCE;
				MTL_FAST_MATH = YES;
				ONLY_ACTIVE_ARCH = YES;
				SDKROOT = iphoneos;
				SWIFT_ACTIVE_COMPILATION_CONDITIONS = "DEBUG $(inherited)";
				SWIFT_OPTIMIZATION_LEVEL = "-Onone";
			};
			name = Debug;
		};
		D6F457DA2C39302D00CD943F /* Release */ = {
			isa = XCBuildConfiguration;
			buildSettings = {
				ALWAYS_SEARCH_USER_PATHS = NO;
				ASSETCATALOG_COMPILER_GENERATE_SWIFT_ASSET_SYMBOL_EXTENSIONS = YES;
				CLANG_ANALYZER_NONNULL = YES;
				CLANG_ANALYZER_NUMBER_OBJECT_CONVERSION = YES_AGGRESSIVE;
				CLANG_CXX_LANGUAGE_STANDARD = "gnu++20";
				CLANG_ENABLE_MODULES = YES;
				CLANG_ENABLE_OBJC_ARC = YES;
				CLANG_ENABLE_OBJC_WEAK = YES;
				CLANG_WARN_BLOCK_CAPTURE_AUTORELEASING = YES;
				CLANG_WARN_BOOL_CONVERSION = YES;
				CLANG_WARN_COMMA = YES;
				CLANG_WARN_CONSTANT_CONVERSION = YES;
				CLANG_WARN_DEPRECATED_OBJC_IMPLEMENTATIONS = YES;
				CLANG_WARN_DIRECT_OBJC_ISA_USAGE = YES_ERROR;
				CLANG_WARN_DOCUMENTATION_COMMENTS = YES;
				CLANG_WARN_EMPTY_BODY = YES;
				CLANG_WARN_ENUM_CONVERSION = YES;
				CLANG_WARN_INFINITE_RECURSION = YES;
				CLANG_WARN_INT_CONVERSION = YES;
				CLANG_WARN_NON_LITERAL_NULL_CONVERSION = YES;
				CLANG_WARN_OBJC_IMPLICIT_RETAIN_SELF = YES;
				CLANG_WARN_OBJC_LITERAL_CONVERSION = YES;
				CLANG_WARN_OBJC_ROOT_CLASS = YES_ERROR;
				CLANG_WARN_QUOTED_INCLUDE_IN_FRAMEWORK_HEADER = YES;
				CLANG_WARN_RANGE_LOOP_ANALYSIS = YES;
				CLANG_WARN_STRICT_PROTOTYPES = YES;
				CLANG_WARN_SUSPICIOUS_MOVE = YES;
				CLANG_WARN_UNGUARDED_AVAILABILITY = YES_AGGRESSIVE;
				CLANG_WARN_UNREACHABLE_CODE = YES;
				CLANG_WARN__DUPLICATE_METHOD_MATCH = YES;
				COPY_PHASE_STRIP = NO;
				DEBUG_INFORMATION_FORMAT = "dwarf-with-dsym";
				ENABLE_NS_ASSERTIONS = NO;
				ENABLE_STRICT_OBJC_MSGSEND = YES;
				ENABLE_USER_SCRIPT_SANDBOXING = YES;
				GCC_C_LANGUAGE_STANDARD = gnu17;
				GCC_NO_COMMON_BLOCKS = YES;
				GCC_WARN_64_TO_32_BIT_CONVERSION = YES;
				GCC_WARN_ABOUT_RETURN_TYPE = YES_ERROR;
				GCC_WARN_UNDECLARED_SELECTOR = YES;
				GCC_WARN_UNINITIALIZED_AUTOS = YES_AGGRESSIVE;
				GCC_WARN_UNUSED_FUNCTION = YES;
				GCC_WARN_UNUSED_VARIABLE = YES;
				IPHONEOS_DEPLOYMENT_TARGET = 17.4;
				LOCALIZATION_PREFERS_STRING_CATALOGS = YES;
				MTL_ENABLE_DEBUG_INFO = NO;
				MTL_FAST_MATH = YES;
				SDKROOT = iphoneos;
				SWIFT_COMPILATION_MODE = wholemodule;
				VALIDATE_PRODUCT = YES;
			};
			name = Release;
		};
		D6F457DC2C39302D00CD943F /* Debug */ = {
			isa = XCBuildConfiguration;
			baseConfigurationReference = 4221BAC525F0358280080771 /* Pods-OptimalRoute.debug.xcconfig */;
			buildSettings = {
				ASSETCATALOG_COMPILER_APPICON_NAME = AppIcon;
				ASSETCATALOG_COMPILER_GLOBAL_ACCENT_COLOR_NAME = AccentColor;
				CODE_SIGN_STYLE = Manual;
				CURRENT_PROJECT_VERSION = 1;
				DEVELOPMENT_ASSET_PATHS = "\"OptimalRoute/Preview Content\"";
				DEVELOPMENT_TEAM = "";
				ENABLE_PREVIEWS = YES;
				ENABLE_USER_SCRIPT_SANDBOXING = NO;
				GENERATE_INFOPLIST_FILE = YES;
				INFOPLIST_FILE = OptimalRoute/Info.plist;
				INFOPLIST_KEY_NSLocationAlwaysAndWhenInUseUsageDescription = "We need your location to show drop-off locations on the map.";
				INFOPLIST_KEY_NSLocationWhenInUseUsageDescription = "We need your location to show drop-off locations on the map.";
				INFOPLIST_KEY_UIApplicationSceneManifest_Generation = YES;
				INFOPLIST_KEY_UIApplicationSupportsIndirectInputEvents = YES;
				INFOPLIST_KEY_UILaunchScreen_Generation = YES;
				INFOPLIST_KEY_UILaunchStoryboardName = LaunchScreen.storyboard;
				INFOPLIST_KEY_UISupportedInterfaceOrientations = UIInterfaceOrientationPortrait;
				IPHONEOS_DEPLOYMENT_TARGET = 16.0;
				LD_RUNPATH_SEARCH_PATHS = (
					"$(inherited)",
					"@executable_path/Frameworks",
				);
				MARKETING_VERSION = 1.0;
				PRODUCT_BUNDLE_IDENTIFIER = com.OptimalRoute.App.OptimalRoute;
				PRODUCT_NAME = "$(TARGET_NAME)";
				PROVISIONING_PROFILE_SPECIFIER = "";
				SUPPORTED_PLATFORMS = "iphoneos iphonesimulator";
				SUPPORTS_MACCATALYST = NO;
				SUPPORTS_MAC_DESIGNED_FOR_IPHONE_IPAD = NO;
				SUPPORTS_XR_DESIGNED_FOR_IPHONE_IPAD = NO;
				SWIFT_EMIT_LOC_STRINGS = YES;
				SWIFT_VERSION = 5.0;
				TARGETED_DEVICE_FAMILY = 1;
			};
			name = Debug;
		};
		D6F457DD2C39302D00CD943F /* Release */ = {
			isa = XCBuildConfiguration;
			baseConfigurationReference = 70064C90848D3B8F9E0BCC0C /* Pods-OptimalRoute.release.xcconfig */;
			buildSettings = {
				ASSETCATALOG_COMPILER_APPICON_NAME = AppIcon;
				ASSETCATALOG_COMPILER_GLOBAL_ACCENT_COLOR_NAME = AccentColor;
				CODE_SIGN_STYLE = Manual;
				CURRENT_PROJECT_VERSION = 1;
				DEVELOPMENT_ASSET_PATHS = "\"OptimalRoute/Preview Content\"";
				DEVELOPMENT_TEAM = "";
				ENABLE_PREVIEWS = YES;
				ENABLE_USER_SCRIPT_SANDBOXING = NO;
				GENERATE_INFOPLIST_FILE = YES;
				INFOPLIST_FILE = OptimalRoute/Info.plist;
				INFOPLIST_KEY_NSLocationAlwaysAndWhenInUseUsageDescription = "We need your location to show drop-off locations on the map.";
				INFOPLIST_KEY_NSLocationWhenInUseUsageDescription = "We need your location to show drop-off locations on the map.";
				INFOPLIST_KEY_UIApplicationSceneManifest_Generation = YES;
				INFOPLIST_KEY_UIApplicationSupportsIndirectInputEvents = YES;
				INFOPLIST_KEY_UILaunchScreen_Generation = YES;
				INFOPLIST_KEY_UILaunchStoryboardName = LaunchScreen.storyboard;
				INFOPLIST_KEY_UISupportedInterfaceOrientations = UIInterfaceOrientationPortrait;
				IPHONEOS_DEPLOYMENT_TARGET = 16.0;
				LD_RUNPATH_SEARCH_PATHS = (
					"$(inherited)",
					"@executable_path/Frameworks",
				);
				MARKETING_VERSION = 1.0;
				PRODUCT_BUNDLE_IDENTIFIER = com.OptimalRoute.App.OptimalRoute;
				PRODUCT_NAME = "$(TARGET_NAME)";
				PROVISIONING_PROFILE_SPECIFIER = "";
				SUPPORTED_PLATFORMS = "iphoneos iphonesimulator";
				SUPPORTS_MACCATALYST = NO;
				SUPPORTS_MAC_DESIGNED_FOR_IPHONE_IPAD = NO;
				SUPPORTS_XR_DESIGNED_FOR_IPHONE_IPAD = NO;
				SWIFT_EMIT_LOC_STRINGS = YES;
				SWIFT_VERSION = 5.0;
				TARGETED_DEVICE_FAMILY = 1;
			};
			name = Release;
		};
/* End XCBuildConfiguration section */

/* Begin XCConfigurationList section */
		D6F457C82C39302C00CD943F /* Build configuration list for PBXProject "OptimalRoute" */ = {
			isa = XCConfigurationList;
			buildConfigurations = (
				D6F457D92C39302D00CD943F /* Debug */,
				D6F457DA2C39302D00CD943F /* Release */,
			);
			defaultConfigurationIsVisible = 0;
			defaultConfigurationName = Release;
		};
		D6F457DB2C39302D00CD943F /* Build configuration list for PBXNativeTarget "OptimalRoute" */ = {
			isa = XCConfigurationList;
			buildConfigurations = (
				D6F457DC2C39302D00CD943F /* Debug */,
				D6F457DD2C39302D00CD943F /* Release */,
			);
			defaultConfigurationIsVisible = 0;
			defaultConfigurationName = Release;
		};
/* End XCConfigurationList section */
	};
	rootObject = D6F457C52C39302C00CD943F /* Project object */;
}
